
Microsoft Visual Studio Solution File, Format Version 12.00
# Visual Studio 15
VisualStudioVersion = 15.0.27703.2042
MinimumVisualStudioVersion = 10.0.40219.1
Project("{FAE04EC0-301F-11D3-BF4B-00C04F79EFBC}") = "MVCLearning", "MVCLearning\MVCLearning.csproj", "{A15EEE3F-81FD-4324-BD73-3FE4633E6048}"
EndProject
Global
	GlobalSection(SolutionConfigurationPlatforms) = preSolution
		Debug|Any CPU = Debug|Any CPU
		Release|Any CPU = Release|Any CPU
	EndGlobalSection
	GlobalSection(ProjectConfigurationPlatforms) = postSolution
		{A15EEE3F-81FD-4324-BD73-3FE4633E6048}.Debug|Any CPU.ActiveCfg = Debug|Any CPU
		{A15EEE3F-81FD-4324-BD73-3FE4633E6048}.Debug|Any CPU.Build.0 = Debug|Any CPU
		{A15EEE3F-81FD-4324-BD73-3FE4633E6048}.Release|Any CPU.ActiveCfg = Release|Any CPU
		{A15EEE3F-81FD-4324-BD73-3FE4633E6048}.Release|Any CPU.Build.0 = Release|Any CPU
	EndGlobalSection
	GlobalSection(SolutionProperties) = preSolution
		HideSolutionNode = FALSE
	EndGlobalSection
	GlobalSection(ExtensibilityGlobals) = postSolution
		SolutionGuid = {D3558368-FCB8-463C-8FC2-60524134E8DF}
	EndGlobalSection
EndGlobal
